
Microsoft Visual Studio Solution File, Format Version 12.00
# Visual Studio Version 17
VisualStudioVersion = 17.11.34929.205
MinimumVisualStudioVersion = 10.0.40219.1
Project("{FAE04EC0-301F-11D3-BF4B-00C04F79EFBC}") = "GenerateSBOMTest", "GenerateSBOMTest\GenerateSBOMTest.csproj", "{42BFEE5C-290D-4E99-9247-6AE26FA57227}"
EndProject
Global
	GlobalSection(SolutionConfigurationPlatforms) = preSolution
		Debug|Any CPU = Debug|Any CPU
		Release|Any CPU = Release|Any CPU
	EndGlobalSection
	GlobalSection(ProjectConfigurationPlatforms) = postSolution
		{42BFEE5C-290D-4E99-9247-6AE26FA57227}.Debug|Any CPU.ActiveCfg = Debug|Any CPU
		{42BFEE5C-290D-4E99-9247-6AE26FA57227}.Debug|Any CPU.Build.0 = Debug|Any CPU
		{42BFEE5C-290D-4E99-9247-6AE26FA57227}.Release|Any CPU.ActiveCfg = Release|Any CPU
		{42BFEE5C-290D-4E99-9247-6AE26FA57227}.Release|Any CPU.Build.0 = Release|Any CPU
	EndGlobalSection
	GlobalSection(SolutionProperties) = preSolution
		HideSolutionNode = FALSE
	EndGlobalSection
	GlobalSection(ExtensibilityGlobals) = postSolution
		SolutionGuid = {424A9B69-FF02-48BE-8D4C-B7D85BCFF76C}
	EndGlobalSection
EndGlobal
